
Microsoft Visual Studio Solution File, Format Version 12.00
# Visual Studio Version 17
VisualStudioVersion = 17.9.34723.18
MinimumVisualStudioVersion = 10.0.40219.1
Project("{9A19103F-16F7-4668-BE54-9A1E7A4F7556}") = "CourseServiceAPI", "CourseServiceAPI.csproj", "{3D825CAE-09C5-4DD4-943C-4B77B1C20FD8}"
EndProject
Project("{FAE04EC0-301F-11D3-BF4B-00C04F79EFBC}") = "CourseServiceAPI.Tests", "..\CourseServiceAPI.Tests\CourseServiceAPI.Tests.csproj", "{27BF3DB5-312C-454E-A713-BF37483B3511}"
EndProject
Global
	GlobalSection(SolutionConfigurationPlatforms) = preSolution
		Debug|Any CPU = Debug|Any CPU
		Release|Any CPU = Release|Any CPU
	EndGlobalSection
	GlobalSection(ProjectConfigurationPlatforms) = postSolution
		{3D825CAE-09C5-4DD4-943C-4B77B1C20FD8}.Debug|Any CPU.ActiveCfg = Debug|Any CPU
		{3D825CAE-09C5-4DD4-943C-4B77B1C20FD8}.Debug|Any CPU.Build.0 = Debug|Any CPU
		{3D825CAE-09C5-4DD4-943C-4B77B1C20FD8}.Release|Any CPU.ActiveCfg = Release|Any CPU
		{3D825CAE-09C5-4DD4-943C-4B77B1C20FD8}.Release|Any CPU.Build.0 = Release|Any CPU
		{27BF3DB5-312C-454E-A713-BF37483B3511}.Debug|Any CPU.ActiveCfg = Debug|Any CPU
		{27BF3DB5-312C-454E-A713-BF37483B3511}.Debug|Any CPU.Build.0 = Debug|Any CPU
		{27BF3DB5-312C-454E-A713-BF37483B3511}.Release|Any CPU.ActiveCfg = Release|Any CPU
		{27BF3DB5-312C-454E-A713-BF37483B3511}.Release|Any CPU.Build.0 = Release|Any CPU
	EndGlobalSection
	GlobalSection(SolutionProperties) = preSolution
		HideSolutionNode = FALSE
	EndGlobalSection
	GlobalSection(ExtensibilityGlobals) = postSolution
		SolutionGuid = {A1785562-3885-4F7C-B62E-44ADBD6FF0EB}
	EndGlobalSection
EndGlobal
